
Microsoft Visual Studio Solution File, Format Version 12.00
# Visual Studio Version 17
VisualStudioVersion = 17.5.33516.290
MinimumVisualStudioVersion = 10.0.40219.1
Project("{FAE04EC0-301F-11D3-BF4B-00C04F79EFBC}") = "TaskMenager", "TaskMenager.csproj", "{F1913FBF-83C2-4B16-9D8A-B24043E57A13}"
EndProject
Global
	GlobalSection(SolutionConfigurationPlatforms) = preSolution
		Debug|Any CPU = Debug|Any CPU
		Release|Any CPU = Release|Any CPU
	EndGlobalSection
	GlobalSection(ProjectConfigurationPlatforms) = postSolution
		{F1913FBF-83C2-4B16-9D8A-B24043E57A13}.Debug|Any CPU.ActiveCfg = Debug|Any CPU
		{F1913FBF-83C2-4B16-9D8A-B24043E57A13}.Debug|Any CPU.Build.0 = Debug|Any CPU
		{F1913FBF-83C2-4B16-9D8A-B24043E57A13}.Release|Any CPU.ActiveCfg = Release|Any CPU
		{F1913FBF-83C2-4B16-9D8A-B24043E57A13}.Release|Any CPU.Build.0 = Release|Any CPU
	EndGlobalSection
	GlobalSection(SolutionProperties) = preSolution
		HideSolutionNode = FALSE
	EndGlobalSection
	GlobalSection(ExtensibilityGlobals) = postSolution
		SolutionGuid = {85F2534A-1472-4EC0-BE4A-688FD6B736C9}
	EndGlobalSection
EndGlobal
